
Microsoft Visual Studio Solution File, Format Version 12.00
# Visual Studio Version 17
VisualStudioVersion = 17.14.36518.9
MinimumVisualStudioVersion = 10.0.40219.1
Project("{FAE04EC0-301F-11D3-BF4B-00C04F79EFBC}") = "APIAggregator.API", "APIAggregator.API\APIAggregator.API.csproj", "{CC408862-A67C-4367-B024-DD94D92797F0}"
EndProject
Global
	GlobalSection(SolutionConfigurationPlatforms) = preSolution
		Debug|Any CPU = Debug|Any CPU
		Release|Any CPU = Release|Any CPU
	EndGlobalSection
	GlobalSection(ProjectConfigurationPlatforms) = postSolution
		{CC408862-A67C-4367-B024-DD94D92797F0}.Debug|Any CPU.ActiveCfg = Debug|Any CPU
		{CC408862-A67C-4367-B024-DD94D92797F0}.Debug|Any CPU.Build.0 = Debug|Any CPU
		{CC408862-A67C-4367-B024-DD94D92797F0}.Release|Any CPU.ActiveCfg = Release|Any CPU
		{CC408862-A67C-4367-B024-DD94D92797F0}.Release|Any CPU.Build.0 = Release|Any CPU
	EndGlobalSection
	GlobalSection(SolutionProperties) = preSolution
		HideSolutionNode = FALSE
	EndGlobalSection
	GlobalSection(ExtensibilityGlobals) = postSolution
		SolutionGuid = {50A1E095-5F16-407A-A1D0-ED950E99B4F7}
	EndGlobalSection
EndGlobal
